
Microsoft Visual Studio Solution File, Format Version 12.00
# Visual Studio Version 17
VisualStudioVersion = 17.9.34714.143
MinimumVisualStudioVersion = 10.0.40219.1
Project("{9A19103F-16F7-4668-BE54-9A1E7A4F7556}") = "IdentityClient", "IdentityClient\IdentityClient.csproj", "{3966F183-4D62-417B-AF3E-02C0CA0FC59A}"
EndProject
Project("{9A19103F-16F7-4668-BE54-9A1E7A4F7556}") = "PlaywrightTests", "PlaywrightTests\PlaywrightTests.csproj", "{3960F753-7C5F-4124-90EE-83FE834C7FD1}"
EndProject
Project("{FAE04EC0-301F-11D3-BF4B-00C04F79EFBC}") = "PlayrightConsole", "PlayrightConsole\PlayrightConsole.csproj", "{D6394037-6150-4EA6-88D1-7982AA9C4807}"
EndProject
Global
	GlobalSection(SolutionConfigurationPlatforms) = preSolution
		Debug|Any CPU = Debug|Any CPU
		Release|Any CPU = Release|Any CPU
	EndGlobalSection
	GlobalSection(ProjectConfigurationPlatforms) = postSolution
		{3966F183-4D62-417B-AF3E-02C0CA0FC59A}.Debug|Any CPU.ActiveCfg = Debug|Any CPU
		{3966F183-4D62-417B-AF3E-02C0CA0FC59A}.Debug|Any CPU.Build.0 = Debug|Any CPU
		{3966F183-4D62-417B-AF3E-02C0CA0FC59A}.Release|Any CPU.ActiveCfg = Release|Any CPU
		{3966F183-4D62-417B-AF3E-02C0CA0FC59A}.Release|Any CPU.Build.0 = Release|Any CPU
		{3960F753-7C5F-4124-90EE-83FE834C7FD1}.Debug|Any CPU.ActiveCfg = Debug|Any CPU
		{3960F753-7C5F-4124-90EE-83FE834C7FD1}.Debug|Any CPU.Build.0 = Debug|Any CPU
		{3960F753-7C5F-4124-90EE-83FE834C7FD1}.Release|Any CPU.ActiveCfg = Release|Any CPU
		{3960F753-7C5F-4124-90EE-83FE834C7FD1}.Release|Any CPU.Build.0 = Release|Any CPU
		{D6394037-6150-4EA6-88D1-7982AA9C4807}.Debug|Any CPU.ActiveCfg = Debug|Any CPU
		{D6394037-6150-4EA6-88D1-7982AA9C4807}.Debug|Any CPU.Build.0 = Debug|Any CPU
		{D6394037-6150-4EA6-88D1-7982AA9C4807}.Release|Any CPU.ActiveCfg = Release|Any CPU
		{D6394037-6150-4EA6-88D1-7982AA9C4807}.Release|Any CPU.Build.0 = Release|Any CPU
	EndGlobalSection
	GlobalSection(SolutionProperties) = preSolution
		HideSolutionNode = FALSE
	EndGlobalSection
	GlobalSection(ExtensibilityGlobals) = postSolution
		SolutionGuid = {67CF4BC3-6352-4291-AB4B-327B01E9FFF0}
	EndGlobalSection
EndGlobal
