
Microsoft Visual Studio Solution File, Format Version 12.00
# Visual Studio Version 17
VisualStudioVersion = 17.9.34714.143
MinimumVisualStudioVersion = 10.0.40219.1
Project("{9A19103F-16F7-4668-BE54-9A1E7A4F7556}") = "IdentityClient", "IdentityClient\IdentityClient.csproj", "{3966F183-4D62-417B-AF3E-02C0CA0FC59A}"
EndProject
Global
	GlobalSection(SolutionConfigurationPlatforms) = preSolution
		Debug|Any CPU = Debug|Any CPU
		Release|Any CPU = Release|Any CPU
	EndGlobalSection
	GlobalSection(ProjectConfigurationPlatforms) = postSolution
		{3966F183-4D62-417B-AF3E-02C0CA0FC59A}.Debug|Any CPU.ActiveCfg = Debug|Any CPU
		{3966F183-4D62-417B-AF3E-02C0CA0FC59A}.Debug|Any CPU.Build.0 = Debug|Any CPU
		{3966F183-4D62-417B-AF3E-02C0CA0FC59A}.Release|Any CPU.ActiveCfg = Release|Any CPU
		{3966F183-4D62-417B-AF3E-02C0CA0FC59A}.Release|Any CPU.Build.0 = Release|Any CPU
	EndGlobalSection
	GlobalSection(SolutionProperties) = preSolution
		HideSolutionNode = FALSE
	EndGlobalSection
	GlobalSection(ExtensibilityGlobals) = postSolution
		SolutionGuid = {67CF4BC3-6352-4291-AB4B-327B01E9FFF0}
	EndGlobalSection
EndGlobal
